
Microsoft Visual Studio Solution File, Format Version 12.00
# Visual Studio Version 16
VisualStudioVersion = 16.0.30104.148
MinimumVisualStudioVersion = 10.0.40219.1
Project("{FAE04EC0-301F-11D3-BF4B-00C04F79EFBC}") = "RTM.FormXamarin.Android", "RTM.FormXamarin\RTM.FormXamarin.Android\RTM.FormXamarin.Android.csproj", "{822B72F5-7E2D-40FC-9C5B-AB2E8BFB503B}"
EndProject
Project("{FAE04EC0-301F-11D3-BF4B-00C04F79EFBC}") = "RTM.FormXamarin", "RTM.FormXamarin\RTM.FormXamarin\RTM.FormXamarin.csproj", "{9213024F-8F12-4D2E-B169-D6F8BAFCE8E8}"
EndProject
Global
	GlobalSection(SolutionConfigurationPlatforms) = preSolution
		Debug|Any CPU = Debug|Any CPU
		Release|Any CPU = Release|Any CPU
	EndGlobalSection
	GlobalSection(ProjectConfigurationPlatforms) = postSolution
		{822B72F5-7E2D-40FC-9C5B-AB2E8BFB503B}.Debug|Any CPU.ActiveCfg = Debug|Any CPU
		{822B72F5-7E2D-40FC-9C5B-AB2E8BFB503B}.Debug|Any CPU.Build.0 = Debug|Any CPU
		{822B72F5-7E2D-40FC-9C5B-AB2E8BFB503B}.Debug|Any CPU.Deploy.0 = Debug|Any CPU
		{822B72F5-7E2D-40FC-9C5B-AB2E8BFB503B}.Release|Any CPU.ActiveCfg = Release|Any CPU
		{822B72F5-7E2D-40FC-9C5B-AB2E8BFB503B}.Release|Any CPU.Build.0 = Release|Any CPU
		{822B72F5-7E2D-40FC-9C5B-AB2E8BFB503B}.Release|Any CPU.Deploy.0 = Release|Any CPU
		{9213024F-8F12-4D2E-B169-D6F8BAFCE8E8}.Debug|Any CPU.ActiveCfg = Debug|Any CPU
		{9213024F-8F12-4D2E-B169-D6F8BAFCE8E8}.Debug|Any CPU.Build.0 = Debug|Any CPU
		{9213024F-8F12-4D2E-B169-D6F8BAFCE8E8}.Debug|Any CPU.Deploy.0 = Debug|Any CPU
		{9213024F-8F12-4D2E-B169-D6F8BAFCE8E8}.Release|Any CPU.ActiveCfg = Release|Any CPU
		{9213024F-8F12-4D2E-B169-D6F8BAFCE8E8}.Release|Any CPU.Build.0 = Release|Any CPU
		{9213024F-8F12-4D2E-B169-D6F8BAFCE8E8}.Release|Any CPU.Deploy.0 = Release|Any CPU
	EndGlobalSection
	GlobalSection(SolutionProperties) = preSolution
		HideSolutionNode = FALSE
	EndGlobalSection
	GlobalSection(ExtensibilityGlobals) = postSolution
		SolutionGuid = {06693AAF-1395-419C-B66A-2EA176B767DD}
	EndGlobalSection
EndGlobal
